// !$*UTF8*$!
{
	archiveVersion = 1;
	classes = {
	};
	objectVersion = 77;
	objects = {

/* Begin PBXBuildFile section */
		4AF6DFCC2D57575800380992 /* FirebaseAnalytics in Frameworks */ = {isa = PBXBuildFile; productRef = 4AF6DFCB2D57575800380992 /* FirebaseAnalytics */; };
		4AF6DFCE2D57575800380992 /* FirebaseAnalyticsOnDeviceConversion in Frameworks */ = {isa = PBXBuildFile; productRef = 4AF6DFCD2D57575800380992 /* FirebaseAnalyticsOnDeviceConversion */; };
		4AF6DFD02D57575800380992 /* FirebaseAnalyticsWithoutAdIdSupport in Frameworks */ = {isa = PBXBuildFile; productRef = 4AF6DFCF2D57575800380992 /* FirebaseAnalyticsWithoutAdIdSupport */; };
		4AF6DFD22D57575800380992 /* FirebaseAppCheck in Frameworks */ = {isa = PBXBuildFile; productRef = 4AF6DFD12D57575800380992 /* FirebaseAppCheck */; };
		4AF6DFD42D57575800380992 /* FirebaseAuth in Frameworks */ = {isa = PBXBuildFile; productRef = 4AF6DFD32D57575800380992 /* FirebaseAuth */; };
		4AF6DFD62D57575800380992 /* FirebaseAuthCombine-Community in Frameworks */ = {isa = PBXBuildFile; productRef = 4AF6DFD52D57575800380992 /* FirebaseAuthCombine-Community */; };
		4AF6DFD82D57575800380992 /* FirebaseCore in Frameworks */ = {isa = PBXBuildFile; productRef = 4AF6DFD72D57575800380992 /* FirebaseCore */; };
		4AF6DFDA2D57575800380992 /* FirebaseCrashlytics in Frameworks */ = {isa = PBXBuildFile; productRef = 4AF6DFD92D57575800380992 /* FirebaseCrashlytics */; };
		4AF6DFDC2D57575800380992 /* FirebaseDatabase in Frameworks */ = {isa = PBXBuildFile; productRef = 4AF6DFDB2D57575800380992 /* FirebaseDatabase */; };
		4AF6DFDE2D57575800380992 /* FirebaseDynamicLinks in Frameworks */ = {isa = PBXBuildFile; productRef = 4AF6DFDD2D57575800380992 /* FirebaseDynamicLinks */; };
		4AF6DFE02D57575800380992 /* FirebaseFirestore in Frameworks */ = {isa = PBXBuildFile; productRef = 4AF6DFDF2D57575800380992 /* FirebaseFirestore */; };
		4AF6DFE22D57575800380992 /* FirebaseInstallations in Frameworks */ = {isa = PBXBuildFile; productRef = 4AF6DFE12D57575800380992 /* FirebaseInstallations */; };
		4AF6DFE42D57575800380992 /* FirebaseMessaging in Frameworks */ = {isa = PBXBuildFile; productRef = 4AF6DFE32D57575800380992 /* FirebaseMessaging */; };
		4AF6DFE62D57575800380992 /* FirebaseRemoteConfig in Frameworks */ = {isa = PBXBuildFile; productRef = 4AF6DFE52D57575800380992 /* FirebaseRemoteConfig */; };
		4AF6DFE82D57575800380992 /* FirebaseStorage in Frameworks */ = {isa = PBXBuildFile; productRef = 4AF6DFE72D57575800380992 /* FirebaseStorage */; };
		4AF6DFEA2D57575800380992 /* FirebaseStorageCombine-Community in Frameworks */ = {isa = PBXBuildFile; productRef = 4AF6DFE92D57575800380992 /* FirebaseStorageCombine-Community */; };
		4AF6DFEC2D57575800380992 /* FirebaseVertexAI in Frameworks */ = {isa = PBXBuildFile; productRef = 4AF6DFEB2D57575800380992 /* FirebaseVertexAI */; };
		4AF6DFFC2D57593A00380992 /* FirebaseFirestoreCombine-Community in Frameworks */ = {isa = PBXBuildFile; productRef = 4AF6DFFB2D57593A00380992 /* FirebaseFirestoreCombine-Community */; };
		4AF6E0252D57A20D00380992 /* Kingfisher in Frameworks */ = {isa = PBXBuildFile; productRef = 4AF6E0242D57A20D00380992 /* Kingfisher */; settings = {ATTRIBUTES = (Required, ); }; };
		4AF6E0272D57A29F00380992 /* Kingfisher in Frameworks */ = {isa = PBXBuildFile; productRef = 4AF6E0262D57A29F00380992 /* Kingfisher */; };
		4AF6E0CC2D57DA5700380992 /* README.md in Resources */ = {isa = PBXBuildFile; fileRef = 4AF6E0CB2D57DA5700380992 /* README.md */; };
/* End PBXBuildFile section */

/* Begin PBXContainerItemProxy section */
		4AF6DFAE2D57563B00380992 /* PBXContainerItemProxy */ = {
			isa = PBXContainerItemProxy;
			containerPortal = 4AF6DF952D57563900380992 /* Project object */;
			proxyType = 1;
			remoteGlobalIDString = 4AF6DF9C2D57563900380992;
			remoteInfo = FluentFlip;
		};
		4AF6DFB82D57563B00380992 /* PBXContainerItemProxy */ = {
			isa = PBXContainerItemProxy;
			containerPortal = 4AF6DF952D57563900380992 /* Project object */;
			proxyType = 1;
			remoteGlobalIDString = 4AF6DF9C2D57563900380992;
			remoteInfo = FluentFlip;
		};
/* End PBXContainerItemProxy section */

/* Begin PBXFileReference section */
		4AF6DF9D2D57563900380992 /* FluentFlip.app */ = {isa = PBXFileReference; explicitFileType = wrapper.application; includeInIndex = 0; path = FluentFlip.app; sourceTree = BUILT_PRODUCTS_DIR; };
		4AF6DFAD2D57563B00380992 /* FluentFlipTests.xctest */ = {isa = PBXFileReference; explicitFileType = wrapper.cfbundle; includeInIndex = 0; path = FluentFlipTests.xctest; sourceTree = BUILT_PRODUCTS_DIR; };
		4AF6DFB72D57563B00380992 /* FluentFlipUITests.xctest */ = {isa = PBXFileReference; explicitFileType = wrapper.cfbundle; includeInIndex = 0; path = FluentFlipUITests.xctest; sourceTree = BUILT_PRODUCTS_DIR; };
		4AF6E0CB2D57DA5700380992 /* README.md */ = {isa = PBXFileReference; lastKnownFileType = net.daringfireball.markdown; path = README.md; sourceTree = "<group>"; };
/* End PBXFileReference section */

/* Begin PBXFileSystemSynchronizedRootGroup section */
		4AF6DF9F2D57563900380992 /* FluentFlip */ = {
			isa = PBXFileSystemSynchronizedRootGroup;
			path = FluentFlip;
			sourceTree = "<group>";
		};
		4AF6DFB02D57563B00380992 /* FluentFlipTests */ = {
			isa = PBXFileSystemSynchronizedRootGroup;
			path = FluentFlipTests;
			sourceTree = "<group>";
		};
		4AF6DFBA2D57563B00380992 /* FluentFlipUITests */ = {
			isa = PBXFileSystemSynchronizedRootGroup;
			path = FluentFlipUITests;
			sourceTree = "<group>";
		};
/* End PBXFileSystemSynchronizedRootGroup section */

/* Begin PBXFrameworksBuildPhase section */
		4AF6DF9A2D57563900380992 /* Frameworks */ = {
			isa = PBXFrameworksBuildPhase;
			buildActionMask = 2147483647;
			files = (
				4AF6DFD22D57575800380992 /* FirebaseAppCheck in Frameworks */,
				4AF6DFD62D57575800380992 /* FirebaseAuthCombine-Community in Frameworks */,
				4AF6DFD42D57575800380992 /* FirebaseAuth in Frameworks */,
				4AF6DFFC2D57593A00380992 /* FirebaseFirestoreCombine-Community in Frameworks */,
				4AF6DFE62D57575800380992 /* FirebaseRemoteConfig in Frameworks */,
				4AF6DFE22D57575800380992 /* FirebaseInstallations in Frameworks */,
				4AF6DFCC2D57575800380992 /* FirebaseAnalytics in Frameworks */,
				4AF6DFD82D57575800380992 /* FirebaseCore in Frameworks */,
				4AF6DFDA2D57575800380992 /* FirebaseCrashlytics in Frameworks */,
				4AF6DFEC2D57575800380992 /* FirebaseVertexAI in Frameworks */,
				4AF6DFE82D57575800380992 /* FirebaseStorage in Frameworks */,
				4AF6DFDC2D57575800380992 /* FirebaseDatabase in Frameworks */,
				4AF6DFEA2D57575800380992 /* FirebaseStorageCombine-Community in Frameworks */,
				4AF6DFE42D57575800380992 /* FirebaseMessaging in Frameworks */,
				4AF6DFD02D57575800380992 /* FirebaseAnalyticsWithoutAdIdSupport in Frameworks */,
				4AF6DFCE2D57575800380992 /* FirebaseAnalyticsOnDeviceConversion in Frameworks */,
				4AF6DFE02D57575800380992 /* FirebaseFirestore in Frameworks */,
				4AF6E0252D57A20D00380992 /* Kingfisher in Frameworks */,
				4AF6DFDE2D57575800380992 /* FirebaseDynamicLinks in Frameworks */,
			);
			runOnlyForDeploymentPostprocessing = 0;
		};
		4AF6DFAA2D57563B00380992 /* Frameworks */ = {
			isa = PBXFrameworksBuildPhase;
			buildActionMask = 2147483647;
			files = (
				4AF6E0272D57A29F00380992 /* Kingfisher in Frameworks */,
			);
			runOnlyForDeploymentPostprocessing = 0;
		};
		4AF6DFB42D57563B00380992 /* Frameworks */ = {
			isa = PBXFrameworksBuildPhase;
			buildActionMask = 2147483647;
			files = (
			);
			runOnlyForDeploymentPostprocessing = 0;
		};
/* End PBXFrameworksBuildPhase section */

/* Begin PBXGroup section */
		4AF6DF942D57563900380992 = {
			isa = PBXGroup;
			children = (
				4AF6DF9F2D57563900380992 /* FluentFlip */,
				4AF6DFB02D57563B00380992 /* FluentFlipTests */,
				4AF6DFBA2D57563B00380992 /* FluentFlipUITests */,
				4AF6DF9E2D57563900380992 /* Products */,
				4AF6E0CB2D57DA5700380992 /* README.md */,
			);
			sourceTree = "<group>";
		};
		4AF6DF9E2D57563900380992 /* Products */ = {
			isa = PBXGroup;
			children = (
				4AF6DF9D2D57563900380992 /* FluentFlip.app */,
				4AF6DFAD2D57563B00380992 /* FluentFlipTests.xctest */,
				4AF6DFB72D57563B00380992 /* FluentFlipUITests.xctest */,
			);
			name = Products;
			sourceTree = "<group>";
		};
/* End PBXGroup section */

/* Begin PBXNativeTarget section */
		4AF6DF9C2D57563900380992 /* FluentFlip */ = {
			isa = PBXNativeTarget;
			buildConfigurationList = 4AF6DFC12D57563B00380992 /* Build configuration list for PBXNativeTarget "FluentFlip" */;
			buildPhases = (
				4AF6DF992D57563900380992 /* Sources */,
				4AF6DF9A2D57563900380992 /* Frameworks */,
				4AF6DF9B2D57563900380992 /* Resources */,
			);
			buildRules = (
			);
			dependencies = (
			);
			fileSystemSynchronizedGroups = (
				4AF6DF9F2D57563900380992 /* FluentFlip */,
			);
			name = FluentFlip;
			packageProductDependencies = (
				4AF6DFCB2D57575800380992 /* FirebaseAnalytics */,
				4AF6DFCD2D57575800380992 /* FirebaseAnalyticsOnDeviceConversion */,
				4AF6DFCF2D57575800380992 /* FirebaseAnalyticsWithoutAdIdSupport */,
				4AF6DFD12D57575800380992 /* FirebaseAppCheck */,
				4AF6DFD32D57575800380992 /* FirebaseAuth */,
				4AF6DFD52D57575800380992 /* FirebaseAuthCombine-Community */,
				4AF6DFD72D57575800380992 /* FirebaseCore */,
				4AF6DFD92D57575800380992 /* FirebaseCrashlytics */,
				4AF6DFDB2D57575800380992 /* FirebaseDatabase */,
				4AF6DFDD2D57575800380992 /* FirebaseDynamicLinks */,
				4AF6DFDF2D57575800380992 /* FirebaseFirestore */,
				4AF6DFE12D57575800380992 /* FirebaseInstallations */,
				4AF6DFE32D57575800380992 /* FirebaseMessaging */,
				4AF6DFE52D57575800380992 /* FirebaseRemoteConfig */,
				4AF6DFE72D57575800380992 /* FirebaseStorage */,
				4AF6DFE92D57575800380992 /* FirebaseStorageCombine-Community */,
				4AF6DFEB2D57575800380992 /* FirebaseVertexAI */,
				4AF6DFFB2D57593A00380992 /* FirebaseFirestoreCombine-Community */,
				4AF6E0242D57A20D00380992 /* Kingfisher */,
			);
			productName = FluentFlip;
			productReference = 4AF6DF9D2D57563900380992 /* FluentFlip.app */;
			productType = "com.apple.product-type.application";
		};
		4AF6DFAC2D57563B00380992 /* FluentFlipTests */ = {
			isa = PBXNativeTarget;
			buildConfigurationList = 4AF6DFC42D57563B00380992 /* Build configuration list for PBXNativeTarget "FluentFlipTests" */;
			buildPhases = (
				4AF6DFA92D57563B00380992 /* Sources */,
				4AF6DFAA2D57563B00380992 /* Frameworks */,
				4AF6DFAB2D57563B00380992 /* Resources */,
			);
			buildRules = (
			);
			dependencies = (
				4AF6DFAF2D57563B00380992 /* PBXTargetDependency */,
			);
			fileSystemSynchronizedGroups = (
				4AF6DFB02D57563B00380992 /* FluentFlipTests */,
			);
			name = FluentFlipTests;
			packageProductDependencies = (
				4AF6E0262D57A29F00380992 /* Kingfisher */,
			);
			productName = FluentFlipTests;
			productReference = 4AF6DFAD2D57563B00380992 /* FluentFlipTests.xctest */;
			productType = "com.apple.product-type.bundle.unit-test";
		};
		4AF6DFB62D57563B00380992 /* FluentFlipUITests */ = {
			isa = PBXNativeTarget;
			buildConfigurationList = 4AF6DFC72D57563B00380992 /* Build configuration list for PBXNativeTarget "FluentFlipUITests" */;
			buildPhases = (
				4AF6DFB32D57563B00380992 /* Sources */,
				4AF6DFB42D57563B00380992 /* Frameworks */,
				4AF6DFB52D57563B00380992 /* Resources */,
			);
			buildRules = (
			);
			dependencies = (
				4AF6DFB92D57563B00380992 /* PBXTargetDependency */,
			);
			fileSystemSynchronizedGroups = (
				4AF6DFBA2D57563B00380992 /* FluentFlipUITests */,
			);
			name = FluentFlipUITests;
			packageProductDependencies = (
			);
			productName = FluentFlipUITests;
			productReference = 4AF6DFB72D57563B00380992 /* FluentFlipUITests.xctest */;
			productType = "com.apple.product-type.bundle.ui-testing";
		};
/* End PBXNativeTarget section */

/* Begin PBXProject section */
		4AF6DF952D57563900380992 /* Project object */ = {
			isa = PBXProject;
			attributes = {
				BuildIndependentTargetsInParallel = 1;
				LastSwiftUpdateCheck = 1620;
				LastUpgradeCheck = 1620;
				TargetAttributes = {
					4AF6DF9C2D57563900380992 = {
						CreatedOnToolsVersion = 16.2;
					};
					4AF6DFAC2D57563B00380992 = {
						CreatedOnToolsVersion = 16.2;
						TestTargetID = 4AF6DF9C2D57563900380992;
					};
					4AF6DFB62D57563B00380992 = {
						CreatedOnToolsVersion = 16.2;
						TestTargetID = 4AF6DF9C2D57563900380992;
					};
				};
			};
			buildConfigurationList = 4AF6DF982D57563900380992 /* Build configuration list for PBXProject "FluentFlip" */;
			developmentRegion = en;
			hasScannedForEncodings = 0;
			knownRegions = (
				en,
				Base,
			);
			mainGroup = 4AF6DF942D57563900380992;
			minimizedProjectReferenceProxies = 1;
			packageReferences = (
				4AF6DFCA2D57575800380992 /* XCRemoteSwiftPackageReference "firebase-ios-sdk" */,
				4AF6E0232D57A20D00380992 /* XCRemoteSwiftPackageReference "Kingfisher" */,
			);
			preferredProjectObjectVersion = 77;
			productRefGroup = 4AF6DF9E2D57563900380992 /* Products */;
			projectDirPath = "";
			projectRoot = "";
			targets = (
				4AF6DF9C2D57563900380992 /* FluentFlip */,
				4AF6DFAC2D57563B00380992 /* FluentFlipTests */,
				4AF6DFB62D57563B00380992 /* FluentFlipUITests */,
			);
		};
/* End PBXProject section */

/* Begin PBXResourcesBuildPhase section */
		4AF6DF9B2D57563900380992 /* Resources */ = {
			isa = PBXResourcesBuildPhase;
			buildActionMask = 2147483647;
			files = (
				4AF6E0CC2D57DA5700380992 /* README.md in Resources */,
			);
			runOnlyForDeploymentPostprocessing = 0;
		};
		4AF6DFAB2D57563B00380992 /* Resources */ = {
			isa = PBXResourcesBuildPhase;
			buildActionMask = 2147483647;
			files = (
			);
			runOnlyForDeploymentPostprocessing = 0;
		};
		4AF6DFB52D57563B00380992 /* Resources */ = {
			isa = PBXResourcesBuildPhase;
			buildActionMask = 2147483647;
			files = (
			);
			runOnlyForDeploymentPostprocessing = 0;
		};
/* End PBXResourcesBuildPhase section */

/* Begin PBXSourcesBuildPhase section */
		4AF6DF992D57563900380992 /* Sources */ = {
			isa = PBXSourcesBuildPhase;
			buildActionMask = 2147483647;
			files = (
			);
			runOnlyForDeploymentPostprocessing = 0;
		};
		4AF6DFA92D57563B00380992 /* Sources */ = {
			isa = PBXSourcesBuildPhase;
			buildActionMask = 2147483647;
			files = (
			);
			runOnlyForDeploymentPostprocessing = 0;
		};
		4AF6DFB32D57563B00380992 /* Sources */ = {
			isa = PBXSourcesBuildPhase;
			buildActionMask = 2147483647;
			files = (
			);
			runOnlyForDeploymentPostprocessing = 0;
		};
/* End PBXSourcesBuildPhase section */

/* Begin PBXTargetDependency section */
		4AF6DFAF2D57563B00380992 /* PBXTargetDependency */ = {
			isa = PBXTargetDependency;
			target = 4AF6DF9C2D57563900380992 /* FluentFlip */;
			targetProxy = 4AF6DFAE2D57563B00380992 /* PBXContainerItemProxy */;
		};
		4AF6DFB92D57563B00380992 /* PBXTargetDependency */ = {
			isa = PBXTargetDependency;
			target = 4AF6DF9C2D57563900380992 /* FluentFlip */;
			targetProxy = 4AF6DFB82D57563B00380992 /* PBXContainerItemProxy */;
		};
/* End PBXTargetDependency section */

/* Begin XCBuildConfiguration section */
		4AF6DFBF2D57563B00380992 /* Debug */ = {
			isa = XCBuildConfiguration;
			buildSettings = {
				ALWAYS_SEARCH_USER_PATHS = NO;
				ASSETCATALOG_COMPILER_GENERATE_SWIFT_ASSET_SYMBOL_EXTENSIONS = YES;
				CLANG_ANALYZER_NONNULL = YES;
				CLANG_ANALYZER_NUMBER_OBJECT_CONVERSION = YES_AGGRESSIVE;
				CLANG_CXX_LANGUAGE_STANDARD = "gnu++20";
				CLANG_ENABLE_MODULES = YES;
				CLANG_ENABLE_OBJC_ARC = YES;
				CLANG_ENABLE_OBJC_WEAK = YES;
				CLANG_WARN_BLOCK_CAPTURE_AUTORELEASING = YES;
				CLANG_WARN_BOOL_CONVERSION = YES;
				CLANG_WARN_COMMA = YES;
				CLANG_WARN_CONSTANT_CONVERSION = YES;
				CLANG_WARN_DEPRECATED_OBJC_IMPLEMENTATIONS = YES;
				CLANG_WARN_DIRECT_OBJC_ISA_USAGE = YES_ERROR;
				CLANG_WARN_DOCUMENTATION_COMMENTS = YES;
				CLANG_WARN_EMPTY_BODY = YES;
				CLANG_WARN_ENUM_CONVERSION = YES;
				CLANG_WARN_INFINITE_RECURSION = YES;
				CLANG_WARN_INT_CONVERSION = YES;
				CLANG_WARN_NON_LITERAL_NULL_CONVERSION = YES;
				CLANG_WARN_OBJC_IMPLICIT_RETAIN_SELF = YES;
				CLANG_WARN_OBJC_LITERAL_CONVERSION = YES;
				CLANG_WARN_OBJC_ROOT_CLASS = YES_ERROR;
				CLANG_WARN_QUOTED_INCLUDE_IN_FRAMEWORK_HEADER = YES;
				CLANG_WARN_RANGE_LOOP_ANALYSIS = YES;
				CLANG_WARN_STRICT_PROTOTYPES = YES;
				CLANG_WARN_SUSPICIOUS_MOVE = YES;
				CLANG_WARN_UNGUARDED_AVAILABILITY = YES_AGGRESSIVE;
				CLANG_WARN_UNREACHABLE_CODE = YES;
				CLANG_WARN__DUPLICATE_METHOD_MATCH = YES;
				COPY_PHASE_STRIP = NO;
				DEBUG_INFORMATION_FORMAT = dwarf;
				ENABLE_STRICT_OBJC_MSGSEND = YES;
				ENABLE_TESTABILITY = YES;
				ENABLE_USER_SCRIPT_SANDBOXING = YES;
				GCC_C_LANGUAGE_STANDARD = gnu17;
				GCC_DYNAMIC_NO_PIC = NO;
				GCC_NO_COMMON_BLOCKS = YES;
				GCC_OPTIMIZATION_LEVEL = 0;
				GCC_PREPROCESSOR_DEFINITIONS = (
					"DEBUG=1",
					"$(inherited)",
				);
				GCC_WARN_64_TO_32_BIT_CONVERSION = YES;
				GCC_WARN_ABOUT_RETURN_TYPE = YES_ERROR;
				GCC_WARN_UNDECLARED_SELECTOR = YES;
				GCC_WARN_UNINITIALIZED_AUTOS = YES_AGGRESSIVE;
				GCC_WARN_UNUSED_FUNCTION = YES;
				GCC_WARN_UNUSED_VARIABLE = YES;
				IPHONEOS_DEPLOYMENT_TARGET = 18.2;
				LOCALIZATION_PREFERS_STRING_CATALOGS = YES;
				MTL_ENABLE_DEBUG_INFO = INCLUDE_SOURCE;
				MTL_FAST_MATH = YES;
				ONLY_ACTIVE_ARCH = YES;
				SDKROOT = iphoneos;
				SWIFT_ACTIVE_COMPILATION_CONDITIONS = "DEBUG $(inherited)";
				SWIFT_OPTIMIZATION_LEVEL = "-Onone";
			};
			name = Debug;
		};
		4AF6DFC02D57563B00380992 /* Release */ = {
			isa = XCBuildConfiguration;
			buildSettings = {
				ALWAYS_SEARCH_USER_PATHS = NO;
				ASSETCATALOG_COMPILER_GENERATE_SWIFT_ASSET_SYMBOL_EXTENSIONS = YES;
				CLANG_ANALYZER_NONNULL = YES;
				CLANG_ANALYZER_NUMBER_OBJECT_CONVERSION = YES_AGGRESSIVE;
				CLANG_CXX_LANGUAGE_STANDARD = "gnu++20";
				CLANG_ENABLE_MODULES = YES;
				CLANG_ENABLE_OBJC_ARC = YES;
				CLANG_ENABLE_OBJC_WEAK = YES;
				CLANG_WARN_BLOCK_CAPTURE_AUTORELEASING = YES;
				CLANG_WARN_BOOL_CONVERSION = YES;
				CLANG_WARN_COMMA = YES;
				CLANG_WARN_CONSTANT_CONVERSION = YES;
				CLANG_WARN_DEPRECATED_OBJC_IMPLEMENTATIONS = YES;
				CLANG_WARN_DIRECT_OBJC_ISA_USAGE = YES_ERROR;
				CLANG_WARN_DOCUMENTATION_COMMENTS = YES;
				CLANG_WARN_EMPTY_BODY = YES;
				CLANG_WARN_ENUM_CONVERSION = YES;
				CLANG_WARN_INFINITE_RECURSION = YES;
				CLANG_WARN_INT_CONVERSION = YES;
				CLANG_WARN_NON_LITERAL_NULL_CONVERSION = YES;
				CLANG_WARN_OBJC_IMPLICIT_RETAIN_SELF = YES;
				CLANG_WARN_OBJC_LITERAL_CONVERSION = YES;
				CLANG_WARN_OBJC_ROOT_CLASS = YES_ERROR;
				CLANG_WARN_QUOTED_INCLUDE_IN_FRAMEWORK_HEADER = YES;
				CLANG_WARN_RANGE_LOOP_ANALYSIS = YES;
				CLANG_WARN_STRICT_PROTOTYPES = YES;
				CLANG_WARN_SUSPICIOUS_MOVE = YES;
				CLANG_WARN_UNGUARDED_AVAILABILITY = YES_AGGRESSIVE;
				CLANG_WARN_UNREACHABLE_CODE = YES;
				CLANG_WARN__DUPLICATE_METHOD_MATCH = YES;
				COPY_PHASE_STRIP = NO;
				DEBUG_INFORMATION_FORMAT = "dwarf-with-dsym";
				ENABLE_NS_ASSERTIONS = NO;
				ENABLE_STRICT_OBJC_MSGSEND = YES;
				ENABLE_USER_SCRIPT_SANDBOXING = YES;
				GCC_C_LANGUAGE_STANDARD = gnu17;
				GCC_NO_COMMON_BLOCKS = YES;
				GCC_WARN_64_TO_32_BIT_CONVERSION = YES;
				GCC_WARN_ABOUT_RETURN_TYPE = YES_ERROR;
				GCC_WARN_UNDECLARED_SELECTOR = YES;
				GCC_WARN_UNINITIALIZED_AUTOS = YES_AGGRESSIVE;
				GCC_WARN_UNUSED_FUNCTION = YES;
				GCC_WARN_UNUSED_VARIABLE = YES;
				IPHONEOS_DEPLOYMENT_TARGET = 18.2;
				LOCALIZATION_PREFERS_STRING_CATALOGS = YES;
				MTL_ENABLE_DEBUG_INFO = NO;
				MTL_FAST_MATH = YES;
				SDKROOT = iphoneos;
				SWIFT_COMPILATION_MODE = wholemodule;
				VALIDATE_PRODUCT = YES;
			};
			name = Release;
		};
		4AF6DFC22D57563B00380992 /* Debug */ = {
			isa = XCBuildConfiguration;
			buildSettings = {
				ASSETCATALOG_COMPILER_APPICON_NAME = AppIcon;
				ASSETCATALOG_COMPILER_GLOBAL_ACCENT_COLOR_NAME = AccentColor;
				CODE_SIGN_STYLE = Automatic;
				CURRENT_PROJECT_VERSION = 1;
				DEVELOPMENT_ASSET_PATHS = "\"FluentFlip/Preview Content\"";
				ENABLE_PREVIEWS = YES;
				GENERATE_INFOPLIST_FILE = YES;
				INFOPLIST_KEY_UIApplicationSceneManifest_Generation = YES;
				INFOPLIST_KEY_UIApplicationSupportsIndirectInputEvents = YES;
				INFOPLIST_KEY_UILaunchScreen_Generation = YES;
				INFOPLIST_KEY_UISupportedInterfaceOrientations_iPad = "UIInterfaceOrientationPortrait UIInterfaceOrientationPortraitUpsideDown UIInterfaceOrientationLandscapeLeft UIInterfaceOrientationLandscapeRight";
				INFOPLIST_KEY_UISupportedInterfaceOrientations_iPhone = "UIInterfaceOrientationPortrait UIInterfaceOrientationLandscapeLeft UIInterfaceOrientationLandscapeRight";
				LD_RUNPATH_SEARCH_PATHS = (
					"$(inherited)",
					"@executable_path/Frameworks",
				);
				MARKETING_VERSION = 1.0;
				PRODUCT_BUNDLE_IDENTIFIER = meruyert.FluentFlip;
				PRODUCT_NAME = "$(TARGET_NAME)";
				SWIFT_EMIT_LOC_STRINGS = YES;
				SWIFT_VERSION = 5.0;
				TARGETED_DEVICE_FAMILY = "1,2";
			};
			name = Debug;
		};
		4AF6DFC32D57563B00380992 /* Release */ = {
			isa = XCBuildConfiguration;
			buildSettings = {
				ASSETCATALOG_COMPILER_APPICON_NAME = AppIcon;
				ASSETCATALOG_COMPILER_GLOBAL_ACCENT_COLOR_NAME = AccentColor;
				CODE_SIGN_STYLE = Automatic;
				CURRENT_PROJECT_VERSION = 1;
				DEVELOPMENT_ASSET_PATHS = "\"FluentFlip/Preview Content\"";
				ENABLE_PREVIEWS = YES;
				GENERATE_INFOPLIST_FILE = YES;
				INFOPLIST_KEY_UIApplicationSceneManifest_Generation = YES;
				INFOPLIST_KEY_UIApplicationSupportsIndirectInputEvents = YES;
				INFOPLIST_KEY_UILaunchScreen_Generation = YES;
				INFOPLIST_KEY_UISupportedInterfaceOrientations_iPad = "UIInterfaceOrientationPortrait UIInterfaceOrientationPortraitUpsideDown UIInterfaceOrientationLandscapeLeft UIInterfaceOrientationLandscapeRight";
				INFOPLIST_KEY_UISupportedInterfaceOrientations_iPhone = "UIInterfaceOrientationPortrait UIInterfaceOrientationLandscapeLeft UIInterfaceOrientationLandscapeRight";
				LD_RUNPATH_SEARCH_PATHS = (
					"$(inherited)",
					"@executable_path/Frameworks",
				);
				MARKETING_VERSION = 1.0;
				PRODUCT_BUNDLE_IDENTIFIER = meruyert.FluentFlip;
				PRODUCT_NAME = "$(TARGET_NAME)";
				SWIFT_EMIT_LOC_STRINGS = YES;
				SWIFT_VERSION = 5.0;
				TARGETED_DEVICE_FAMILY = "1,2";
			};
			name = Release;
		};
		4AF6DFC52D57563B00380992 /* Debug */ = {
			isa = XCBuildConfiguration;
			buildSettings = {
				BUNDLE_LOADER = "$(TEST_HOST)";
				CODE_SIGN_STYLE = Automatic;
				CURRENT_PROJECT_VERSION = 1;
				GENERATE_INFOPLIST_FILE = YES;
				IPHONEOS_DEPLOYMENT_TARGET = 18.2;
				MARKETING_VERSION = 1.0;
				PRODUCT_BUNDLE_IDENTIFIER = meruyert.FluentFlipTests;
				PRODUCT_NAME = "$(TARGET_NAME)";
				SWIFT_EMIT_LOC_STRINGS = NO;
				SWIFT_VERSION = 5.0;
				TARGETED_DEVICE_FAMILY = "1,2";
				TEST_HOST = "$(BUILT_PRODUCTS_DIR)/FluentFlip.app/$(BUNDLE_EXECUTABLE_FOLDER_PATH)/FluentFlip";
			};
			name = Debug;
		};
		4AF6DFC62D57563B00380992 /* Release */ = {
			isa = XCBuildConfiguration;
			buildSettings = {
				BUNDLE_LOADER = "$(TEST_HOST)";
				CODE_SIGN_STYLE = Automatic;
				CURRENT_PROJECT_VERSION = 1;
				GENERATE_INFOPLIST_FILE = YES;
				IPHONEOS_DEPLOYMENT_TARGET = 18.2;
				MARKETING_VERSION = 1.0;
				PRODUCT_BUNDLE_IDENTIFIER = meruyert.FluentFlipTests;
				PRODUCT_NAME = "$(TARGET_NAME)";
				SWIFT_EMIT_LOC_STRINGS = NO;
				SWIFT_VERSION = 5.0;
				TARGETED_DEVICE_FAMILY = "1,2";
				TEST_HOST = "$(BUILT_PRODUCTS_DIR)/FluentFlip.app/$(BUNDLE_EXECUTABLE_FOLDER_PATH)/FluentFlip";
			};
			name = Release;
		};
		4AF6DFC82D57563B00380992 /* Debug */ = {
			isa = XCBuildConfiguration;
			buildSettings = {
				CODE_SIGN_STYLE = Automatic;
				CURRENT_PROJECT_VERSION = 1;
				GENERATE_INFOPLIST_FILE = YES;
				MARKETING_VERSION = 1.0;
				PRODUCT_BUNDLE_IDENTIFIER = meruyert.FluentFlipUITests;
				PRODUCT_NAME = "$(TARGET_NAME)";
				SWIFT_EMIT_LOC_STRINGS = NO;
				SWIFT_VERSION = 5.0;
				TARGETED_DEVICE_FAMILY = "1,2";
				TEST_TARGET_NAME = FluentFlip;
			};
			name = Debug;
		};
		4AF6DFC92D57563B00380992 /* Release */ = {
			isa = XCBuildConfiguration;
			buildSettings = {
				CODE_SIGN_STYLE = Automatic;
				CURRENT_PROJECT_VERSION = 1;
				GENERATE_INFOPLIST_FILE = YES;
				MARKETING_VERSION = 1.0;
				PRODUCT_BUNDLE_IDENTIFIER = meruyert.FluentFlipUITests;
				PRODUCT_NAME = "$(TARGET_NAME)";
				SWIFT_EMIT_LOC_STRINGS = NO;
				SWIFT_VERSION = 5.0;
				TARGETED_DEVICE_FAMILY = "1,2";
				TEST_TARGET_NAME = FluentFlip;
			};
			name = Release;
		};
/* End XCBuildConfiguration section */

/* Begin XCConfigurationList section */
		4AF6DF982D57563900380992 /* Build configuration list for PBXProject "FluentFlip" */ = {
			isa = XCConfigurationList;
			buildConfigurations = (
				4AF6DFBF2D57563B00380992 /* Debug */,
				4AF6DFC02D57563B00380992 /* Release */,
			);
			defaultConfigurationIsVisible = 0;
			defaultConfigurationName = Release;
		};
		4AF6DFC12D57563B00380992 /* Build configuration list for PBXNativeTarget "FluentFlip" */ = {
			isa = XCConfigurationList;
			buildConfigurations = (
				4AF6DFC22D57563B00380992 /* Debug */,
				4AF6DFC32D57563B00380992 /* Release */,
			);
			defaultConfigurationIsVisible = 0;
			defaultConfigurationName = Release;
		};
		4AF6DFC42D57563B00380992 /* Build configuration list for PBXNativeTarget "FluentFlipTests" */ = {
			isa = XCConfigurationList;
			buildConfigurations = (
				4AF6DFC52D57563B00380992 /* Debug */,
				4AF6DFC62D57563B00380992 /* Release */,
			);
			defaultConfigurationIsVisible = 0;
			defaultConfigurationName = Release;
		};
		4AF6DFC72D57563B00380992 /* Build configuration list for PBXNativeTarget "FluentFlipUITests" */ = {
			isa = XCConfigurationList;
			buildConfigurations = (
				4AF6DFC82D57563B00380992 /* Debug */,
				4AF6DFC92D57563B00380992 /* Release */,
			);
			defaultConfigurationIsVisible = 0;
			defaultConfigurationName = Release;
		};
/* End XCConfigurationList section */

/* Begin XCRemoteSwiftPackageReference section */
		4AF6DFCA2D57575800380992 /* XCRemoteSwiftPackageReference "firebase-ios-sdk" */ = {
			isa = XCRemoteSwiftPackageReference;
			repositoryURL = "https://github.com/firebase/firebase-ios-sdk.git";
			requirement = {
				kind = upToNextMajorVersion;
				minimumVersion = 11.8.1;
			};
		};
		4AF6E0232D57A20D00380992 /* XCRemoteSwiftPackageReference "Kingfisher" */ = {
			isa = XCRemoteSwiftPackageReference;
			repositoryURL = "https://github.com/onevcat/Kingfisher";
			requirement = {
				kind = upToNextMajorVersion;
				minimumVersion = 8.2.0;
			};
		};
/* End XCRemoteSwiftPackageReference section */

/* Begin XCSwiftPackageProductDependency section */
		4AF6DFCB2D57575800380992 /* FirebaseAnalytics */ = {
			isa = XCSwiftPackageProductDependency;
			package = 4AF6DFCA2D57575800380992 /* XCRemoteSwiftPackageReference "firebase-ios-sdk" */;
			productName = FirebaseAnalytics;
		};
		4AF6DFCD2D57575800380992 /* FirebaseAnalyticsOnDeviceConversion */ = {
			isa = XCSwiftPackageProductDependency;
			package = 4AF6DFCA2D57575800380992 /* XCRemoteSwiftPackageReference "firebase-ios-sdk" */;
			productName = FirebaseAnalyticsOnDeviceConversion;
		};
		4AF6DFCF2D57575800380992 /* FirebaseAnalyticsWithoutAdIdSupport */ = {
			isa = XCSwiftPackageProductDependency;
			package = 4AF6DFCA2D57575800380992 /* XCRemoteSwiftPackageReference "firebase-ios-sdk" */;
			productName = FirebaseAnalyticsWithoutAdIdSupport;
		};
		4AF6DFD12D57575800380992 /* FirebaseAppCheck */ = {
			isa = XCSwiftPackageProductDependency;
			package = 4AF6DFCA2D57575800380992 /* XCRemoteSwiftPackageReference "firebase-ios-sdk" */;
			productName = FirebaseAppCheck;
		};
		4AF6DFD32D57575800380992 /* FirebaseAuth */ = {
			isa = XCSwiftPackageProductDependency;
			package = 4AF6DFCA2D57575800380992 /* XCRemoteSwiftPackageReference "firebase-ios-sdk" */;
			productName = FirebaseAuth;
		};
		4AF6DFD52D57575800380992 /* FirebaseAuthCombine-Community */ = {
			isa = XCSwiftPackageProductDependency;
			package = 4AF6DFCA2D57575800380992 /* XCRemoteSwiftPackageReference "firebase-ios-sdk" */;
			productName = "FirebaseAuthCombine-Community";
		};
		4AF6DFD72D57575800380992 /* FirebaseCore */ = {
			isa = XCSwiftPackageProductDependency;
			package = 4AF6DFCA2D57575800380992 /* XCRemoteSwiftPackageReference "firebase-ios-sdk" */;
			productName = FirebaseCore;
		};
		4AF6DFD92D57575800380992 /* FirebaseCrashlytics */ = {
			isa = XCSwiftPackageProductDependency;
			package = 4AF6DFCA2D57575800380992 /* XCRemoteSwiftPackageReference "firebase-ios-sdk" */;
			productName = FirebaseCrashlytics;
		};
		4AF6DFDB2D57575800380992 /* FirebaseDatabase */ = {
			isa = XCSwiftPackageProductDependency;
			package = 4AF6DFCA2D57575800380992 /* XCRemoteSwiftPackageReference "firebase-ios-sdk" */;
			productName = FirebaseDatabase;
		};
		4AF6DFDD2D57575800380992 /* FirebaseDynamicLinks */ = {
			isa = XCSwiftPackageProductDependency;
			package = 4AF6DFCA2D57575800380992 /* XCRemoteSwiftPackageReference "firebase-ios-sdk" */;
			productName = FirebaseDynamicLinks;
		};
		4AF6DFDF2D57575800380992 /* FirebaseFirestore */ = {
			isa = XCSwiftPackageProductDependency;
			package = 4AF6DFCA2D57575800380992 /* XCRemoteSwiftPackageReference "firebase-ios-sdk" */;
			productName = FirebaseFirestore;
		};
		4AF6DFE12D57575800380992 /* FirebaseInstallations */ = {
			isa = XCSwiftPackageProductDependency;
			package = 4AF6DFCA2D57575800380992 /* XCRemoteSwiftPackageReference "firebase-ios-sdk" */;
			productName = FirebaseInstallations;
		};
		4AF6DFE32D57575800380992 /* FirebaseMessaging */ = {
			isa = XCSwiftPackageProductDependency;
			package = 4AF6DFCA2D57575800380992 /* XCRemoteSwiftPackageReference "firebase-ios-sdk" */;
			productName = FirebaseMessaging;
		};
		4AF6DFE52D57575800380992 /* FirebaseRemoteConfig */ = {
			isa = XCSwiftPackageProductDependency;
			package = 4AF6DFCA2D57575800380992 /* XCRemoteSwiftPackageReference "firebase-ios-sdk" */;
			productName = FirebaseRemoteConfig;
		};
		4AF6DFE72D57575800380992 /* FirebaseStorage */ = {
			isa = XCSwiftPackageProductDependency;
			package = 4AF6DFCA2D57575800380992 /* XCRemoteSwiftPackageReference "firebase-ios-sdk" */;
			productName = FirebaseStorage;
		};
		4AF6DFE92D57575800380992 /* FirebaseStorageCombine-Community */ = {
			isa = XCSwiftPackageProductDependency;
			package = 4AF6DFCA2D57575800380992 /* XCRemoteSwiftPackageReference "firebase-ios-sdk" */;
			productName = "FirebaseStorageCombine-Community";
		};
		4AF6DFEB2D57575800380992 /* FirebaseVertexAI */ = {
			isa = XCSwiftPackageProductDependency;
			package = 4AF6DFCA2D57575800380992 /* XCRemoteSwiftPackageReference "firebase-ios-sdk" */;
			productName = FirebaseVertexAI;
		};
		4AF6DFFB2D57593A00380992 /* FirebaseFirestoreCombine-Community */ = {
			isa = XCSwiftPackageProductDependency;
			package = 4AF6DFCA2D57575800380992 /* XCRemoteSwiftPackageReference "firebase-ios-sdk" */;
			productName = "FirebaseFirestoreCombine-Community";
		};
		4AF6E0242D57A20D00380992 /* Kingfisher */ = {
			isa = XCSwiftPackageProductDependency;
			package = 4AF6E0232D57A20D00380992 /* XCRemoteSwiftPackageReference "Kingfisher" */;
			productName = Kingfisher;
		};
		4AF6E0262D57A29F00380992 /* Kingfisher */ = {
			isa = XCSwiftPackageProductDependency;
			package = 4AF6E0232D57A20D00380992 /* XCRemoteSwiftPackageReference "Kingfisher" */;
			productName = Kingfisher;
		};
/* End XCSwiftPackageProductDependency section */
	};
	rootObject = 4AF6DF952D57563900380992 /* Project object */;
}
